// !$*UTF8*$!
{
	archiveVersion = 1;
	classes = {
	};
	objectVersion = 46;
	objects = {

/* Begin PBXBuildFile section */
		53933E881E54BFB900BECC3F /* Keys.swift in Sources */ = {isa = PBXBuildFile; fileRef = 53933E871E54BFB900BECC3F /* Keys.swift */; };
		8D0686FE1E537C2E00FBAA55 /* AppDelegate.swift in Sources */ = {isa = PBXBuildFile; fileRef = 8D0686FD1E537C2E00FBAA55 /* AppDelegate.swift */; };
		8D56BBB41E54B17500B662C0 /* SettingsView.storyboard in Resources */ = {isa = PBXBuildFile; fileRef = 8D56BBB31E54B17500B662C0 /* SettingsView.storyboard */; };
		8D56BBB61E54B1A600B662C0 /* HabitListTableViewController.swift in Sources */ = {isa = PBXBuildFile; fileRef = 8D56BBB51E54B1A600B662C0 /* HabitListTableViewController.swift */; };
		8D56BBB81E54B22F00B662C0 /* SettingsViewController.swift in Sources */ = {isa = PBXBuildFile; fileRef = 8D56BBB71E54B22F00B662C0 /* SettingsViewController.swift */; };
		8D56BBBC1E54B26C00B662C0 /* HabitStatsTableViewController.swift in Sources */ = {isa = PBXBuildFile; fileRef = 8D56BBBB1E54B26C00B662C0 /* HabitStatsTableViewController.swift */; };
		8D89C6B01E538408004FA6E3 /* HabitController.swift in Sources */ = {isa = PBXBuildFile; fileRef = 8D89C6AF1E538408004FA6E3 /* HabitController.swift */; };
		8D89C6B91E5385FE004FA6E3 /* Habit-Tracker.xcdatamodeld in Sources */ = {isa = PBXBuildFile; fileRef = 8D89C6B71E5385FE004FA6E3 /* Habit-Tracker.xcdatamodeld */; };
		8D89C6BB1E5387FA004FA6E3 /* Habit + Convience .swift in Sources */ = {isa = PBXBuildFile; fileRef = 8D89C6BA1E5387FA004FA6E3 /* Habit + Convience .swift */; };
		8D89C6BD1E538831004FA6E3 /* DailyCompletion + Convience .swift in Sources */ = {isa = PBXBuildFile; fileRef = 8D89C6BC1E538831004FA6E3 /* DailyCompletion + Convience .swift */; };
		8D89C6BF1E53888D004FA6E3 /* CoreDataStack.swift in Sources */ = {isa = PBXBuildFile; fileRef = 8D89C6BE1E53888D004FA6E3 /* CoreDataStack.swift */; };
		8DB8C2231E53CCAA0048EA67 /* Assets.xcassets in Resources */ = {isa = PBXBuildFile; fileRef = 8DB8C2221E53CCAA0048EA67 /* Assets.xcassets */; };
		8DB8C2251E53CCB80048EA67 /* Info.plist in Resources */ = {isa = PBXBuildFile; fileRef = 8DB8C2241E53CCB80048EA67 /* Info.plist */; };
		FDAB6C2E1E53CD3800EC946B /* CustomTabBarViewController.swift in Sources */ = {isa = PBXBuildFile; fileRef = FDAB6C2D1E53CD3800EC946B /* CustomTabBarViewController.swift */; };
		FDAB6C311E53CD6900EC946B /* Main.storyboard in Resources */ = {isa = PBXBuildFile; fileRef = FDAB6C2F1E53CD6900EC946B /* Main.storyboard */; };
		FDAB6C341E53CD7A00EC946B /* LaunchScreen.storyboard in Resources */ = {isa = PBXBuildFile; fileRef = FDAB6C321E53CD7A00EC946B /* LaunchScreen.storyboard */; };
		FDBB28FA1E53BA1E00B3687D /* StatsStoryBoard.storyboard in Resources */ = {isa = PBXBuildFile; fileRef = FDBB28F81E53BA1E00B3687D /* StatsStoryBoard.storyboard */; };
		FDBB28FC1E53BDAC00B3687D /* AddHabit.storyboard in Resources */ = {isa = PBXBuildFile; fileRef = FDBB28FB1E53BDAC00B3687D /* AddHabit.storyboard */; };
		FDBB28FE1E53BF9200B3687D /* AddHabitViewController.swift in Sources */ = {isa = PBXBuildFile; fileRef = FDBB28FD1E53BF9200B3687D /* AddHabitViewController.swift */; };
/* End PBXBuildFile section */

/* Begin PBXFileReference section */
		53933E871E54BFB900BECC3F /* Keys.swift */ = {isa = PBXFileReference; fileEncoding = 4; lastKnownFileType = sourcecode.swift; name = Keys.swift; path = "Habit Tracker/Keys.swift"; sourceTree = SOURCE_ROOT; };
		8D0686FA1E537C2E00FBAA55 /* Habit Tracker.app */ = {isa = PBXFileReference; explicitFileType = wrapper.application; includeInIndex = 0; path = "Habit Tracker.app"; sourceTree = BUILT_PRODUCTS_DIR; };
		8D0686FD1E537C2E00FBAA55 /* AppDelegate.swift */ = {isa = PBXFileReference; lastKnownFileType = sourcecode.swift; path = AppDelegate.swift; sourceTree = "<group>"; };
		8D56BBB31E54B17500B662C0 /* SettingsView.storyboard */ = {isa = PBXFileReference; fileEncoding = 4; lastKnownFileType = file.storyboard; path = SettingsView.storyboard; sourceTree = "<group>"; };
		8D56BBB51E54B1A600B662C0 /* HabitListTableViewController.swift */ = {isa = PBXFileReference; fileEncoding = 4; lastKnownFileType = sourcecode.swift; path = HabitListTableViewController.swift; sourceTree = "<group>"; };
		8D56BBB71E54B22F00B662C0 /* SettingsViewController.swift */ = {isa = PBXFileReference; fileEncoding = 4; lastKnownFileType = sourcecode.swift; path = SettingsViewController.swift; sourceTree = "<group>"; };
		8D56BBBB1E54B26C00B662C0 /* HabitStatsTableViewController.swift */ = {isa = PBXFileReference; fileEncoding = 4; lastKnownFileType = sourcecode.swift; name = HabitStatsTableViewController.swift; path = ../HabitStatsTableViewController.swift; sourceTree = "<group>"; };
		8D89C6AF1E538408004FA6E3 /* HabitController.swift */ = {isa = PBXFileReference; fileEncoding = 4; lastKnownFileType = sourcecode.swift; path = HabitController.swift; sourceTree = "<group>"; };
		8D89C6B81E5385FE004FA6E3 /* Habit-Tracker.xcdatamodel */ = {isa = PBXFileReference; lastKnownFileType = wrapper.xcdatamodel; path = "Habit-Tracker.xcdatamodel"; sourceTree = "<group>"; };
		8D89C6BA1E5387FA004FA6E3 /* Habit + Convience .swift */ = {isa = PBXFileReference; fileEncoding = 4; lastKnownFileType = sourcecode.swift; path = "Habit + Convience .swift"; sourceTree = "<group>"; };
		8D89C6BC1E538831004FA6E3 /* DailyCompletion + Convience .swift */ = {isa = PBXFileReference; fileEncoding = 4; lastKnownFileType = sourcecode.swift; path = "DailyCompletion + Convience .swift"; sourceTree = "<group>"; };
		8D89C6BE1E53888D004FA6E3 /* CoreDataStack.swift */ = {isa = PBXFileReference; fileEncoding = 4; lastKnownFileType = sourcecode.swift; path = CoreDataStack.swift; sourceTree = "<group>"; };
		8DB8C2221E53CCAA0048EA67 /* Assets.xcassets */ = {isa = PBXFileReference; lastKnownFileType = folder.assetcatalog; name = Assets.xcassets; path = "Habit Tracker/Assets.xcassets"; sourceTree = SOURCE_ROOT; };
		8DB8C2241E53CCB80048EA67 /* Info.plist */ = {isa = PBXFileReference; fileEncoding = 4; lastKnownFileType = text.plist.xml; name = Info.plist; path = "Habit Tracker/Info.plist"; sourceTree = SOURCE_ROOT; };
		FDAB6C2D1E53CD3800EC946B /* CustomTabBarViewController.swift */ = {isa = PBXFileReference; fileEncoding = 4; lastKnownFileType = sourcecode.swift; path = CustomTabBarViewController.swift; sourceTree = "<group>"; };
		FDAB6C301E53CD6900EC946B /* Base */ = {isa = PBXFileReference; lastKnownFileType = file.storyboard; name = Base; path = Base.lproj/Main.storyboard; sourceTree = "<group>"; };
		FDAB6C331E53CD7A00EC946B /* Base */ = {isa = PBXFileReference; lastKnownFileType = file.storyboard; name = Base; path = "Habit Tracker/Base.lproj/LaunchScreen.storyboard"; sourceTree = SOURCE_ROOT; };
		FDBB28F91E53BA1E00B3687D /* Base */ = {isa = PBXFileReference; lastKnownFileType = file.storyboard; name = Base; path = "Habit Tracker/Base.lproj/StatsStoryBoard.storyboard"; sourceTree = "<group>"; };
		FDBB28FB1E53BDAC00B3687D /* AddHabit.storyboard */ = {isa = PBXFileReference; fileEncoding = 4; lastKnownFileType = file.storyboard; path = AddHabit.storyboard; sourceTree = "<group>"; };
		FDBB28FD1E53BF9200B3687D /* AddHabitViewController.swift */ = {isa = PBXFileReference; fileEncoding = 4; lastKnownFileType = sourcecode.swift; path = AddHabitViewController.swift; sourceTree = "<group>"; };
/* End PBXFileReference section */

/* Begin PBXFrameworksBuildPhase section */
		8D0686F71E537C2E00FBAA55 /* Frameworks */ = {
			isa = PBXFrameworksBuildPhase;
			buildActionMask = 2147483647;
			files = (
			);
			runOnlyForDeploymentPostprocessing = 0;
		};
/* End PBXFrameworksBuildPhase section */

/* Begin PBXGroup section */
		8D0686F11E537C2E00FBAA55 = {
			isa = PBXGroup;
			children = (
				8D0686FC1E537C2E00FBAA55 /* Habit Tracker */,
				8D0686FB1E537C2E00FBAA55 /* Products */,
			);
			sourceTree = "<group>";
		};
		8D0686FB1E537C2E00FBAA55 /* Products */ = {
			isa = PBXGroup;
			children = (
				8D0686FA1E537C2E00FBAA55 /* Habit Tracker.app */,
			);
			name = Products;
			sourceTree = "<group>";
		};
		8D0686FC1E537C2E00FBAA55 /* Habit Tracker */ = {
			isa = PBXGroup;
			children = (
				8D0686FD1E537C2E00FBAA55 /* AppDelegate.swift */,
				FDBB28FF1E53C14600B3687D /* Storyboards  */,
				8D89C6C01E538891004FA6E3 /* CoreData */,
				8D89C6B11E53840B004FA6E3 /* Model */,
				8D89C6B21E538416004FA6E3 /* Model Controller */,
				8D89C6C11E53B4BF004FA6E3 /* View Controllers */,
				8D89C6B31E538427004FA6E3 /* Resources */,
			);
			path = "Habit Tracker";
			sourceTree = "<group>";
		};
		8D89C6B11E53840B004FA6E3 /* Model */ = {
			isa = PBXGroup;
			children = (
				8D89C6B71E5385FE004FA6E3 /* Habit-Tracker.xcdatamodeld */,
				8D89C6BA1E5387FA004FA6E3 /* Habit + Convience .swift */,
				8D89C6BC1E538831004FA6E3 /* DailyCompletion + Convience .swift */,
			);
			name = Model;
			sourceTree = "<group>";
		};
		8D89C6B21E538416004FA6E3 /* Model Controller */ = {
			isa = PBXGroup;
			children = (
				8D89C6AF1E538408004FA6E3 /* HabitController.swift */,
			);
			name = "Model Controller";
			sourceTree = "<group>";
		};
		8D89C6B31E538427004FA6E3 /* Resources */ = {
			isa = PBXGroup;
			children = (
				8DB8C2221E53CCAA0048EA67 /* Assets.xcassets */,
				53933E871E54BFB900BECC3F /* Keys.swift */,
				FDAB6C321E53CD7A00EC946B /* LaunchScreen.storyboard */,
				8DB8C2241E53CCB80048EA67 /* Info.plist */,
			);
			name = Resources;
			path = "Habit Tracker";
			sourceTree = "<group>";
		};
		8D89C6C01E538891004FA6E3 /* CoreData */ = {
			isa = PBXGroup;
			children = (
				8D89C6BE1E53888D004FA6E3 /* CoreDataStack.swift */,
			);
			name = CoreData;
			sourceTree = "<group>";
		};
		8D89C6C11E53B4BF004FA6E3 /* View Controllers */ = {
			isa = PBXGroup;
			children = (
				FDAB6C2D1E53CD3800EC946B /* CustomTabBarViewController.swift */,
				8D56BBB51E54B1A600B662C0 /* HabitListTableViewController.swift */,
				8D56BBBB1E54B26C00B662C0 /* HabitStatsTableViewController.swift */,
				FDBB28FD1E53BF9200B3687D /* AddHabitViewController.swift */,
				8D56BBB71E54B22F00B662C0 /* SettingsViewController.swift */,
			);
			name = "View Controllers";
			sourceTree = "<group>";
		};
		FDBB28FF1E53C14600B3687D /* Storyboards  */ = {
			isa = PBXGroup;
			children = (
				FDBB28F81E53BA1E00B3687D /* StatsStoryBoard.storyboard */,
				FDBB28FB1E53BDAC00B3687D /* AddHabit.storyboard */,
				FDAB6C2F1E53CD6900EC946B /* Main.storyboard */,
				8D56BBB31E54B17500B662C0 /* SettingsView.storyboard */,
			);
			name = "Storyboards ";
			sourceTree = "<group>";
		};
/* End PBXGroup section */

/* Begin PBXNativeTarget section */
		8D0686F91E537C2E00FBAA55 /* Habit Tracker */ = {
			isa = PBXNativeTarget;
			buildConfigurationList = 8D06870C1E537C2E00FBAA55 /* Build configuration list for PBXNativeTarget "Habit Tracker" */;
			buildPhases = (
				8D0686F61E537C2E00FBAA55 /* Sources */,
				8D0686F71E537C2E00FBAA55 /* Frameworks */,
				8D0686F81E537C2E00FBAA55 /* Resources */,
			);
			buildRules = (
			);
			dependencies = (
			);
			name = "Habit Tracker";
			productName = "Habit Tracker";
			productReference = 8D0686FA1E537C2E00FBAA55 /* Habit Tracker.app */;
			productType = "com.apple.product-type.application";
		};
/* End PBXNativeTarget section */

/* Begin PBXProject section */
		8D0686F21E537C2E00FBAA55 /* Project object */ = {
			isa = PBXProject;
			attributes = {
				LastSwiftUpdateCheck = 0820;
				LastUpgradeCheck = 0820;
				ORGANIZATIONNAME = "Nicholas Ellis";
				TargetAttributes = {
					8D0686F91E537C2E00FBAA55 = {
						CreatedOnToolsVersion = 8.2.1;
						DevelopmentTeam = XSV88KY8NF;
						ProvisioningStyle = Automatic;
					};
				};
			};
			buildConfigurationList = 8D0686F51E537C2E00FBAA55 /* Build configuration list for PBXProject "Habit Tracker" */;
			compatibilityVersion = "Xcode 3.2";
			developmentRegion = English;
			hasScannedForEncodings = 0;
			knownRegions = (
				en,
				Base,
			);
			mainGroup = 8D0686F11E537C2E00FBAA55;
			productRefGroup = 8D0686FB1E537C2E00FBAA55 /* Products */;
			projectDirPath = "";
			projectRoot = "";
			targets = (
				8D0686F91E537C2E00FBAA55 /* Habit Tracker */,
			);
		};
/* End PBXProject section */

/* Begin PBXResourcesBuildPhase section */
		8D0686F81E537C2E00FBAA55 /* Resources */ = {
			isa = PBXResourcesBuildPhase;
			buildActionMask = 2147483647;
			files = (
				FDBB28FC1E53BDAC00B3687D /* AddHabit.storyboard in Resources */,
				8DB8C2251E53CCB80048EA67 /* Info.plist in Resources */,
				FDAB6C311E53CD6900EC946B /* Main.storyboard in Resources */,
				FDAB6C341E53CD7A00EC946B /* LaunchScreen.storyboard in Resources */,
				FDBB28FA1E53BA1E00B3687D /* StatsStoryBoard.storyboard in Resources */,
				8D56BBB41E54B17500B662C0 /* SettingsView.storyboard in Resources */,
				8DB8C2231E53CCAA0048EA67 /* Assets.xcassets in Resources */,
			);
			runOnlyForDeploymentPostprocessing = 0;
		};
/* End PBXResourcesBuildPhase section */

/* Begin PBXSourcesBuildPhase section */
		8D0686F61E537C2E00FBAA55 /* Sources */ = {
			isa = PBXSourcesBuildPhase;
			buildActionMask = 2147483647;
			files = (
				FDBB28FE1E53BF9200B3687D /* AddHabitViewController.swift in Sources */,
				53933E881E54BFB900BECC3F /* Keys.swift in Sources */,
				8D89C6BB1E5387FA004FA6E3 /* Habit + Convience .swift in Sources */,
				FDAB6C2E1E53CD3800EC946B /* CustomTabBarViewController.swift in Sources */,
				8D56BBB81E54B22F00B662C0 /* SettingsViewController.swift in Sources */,
				8D0686FE1E537C2E00FBAA55 /* AppDelegate.swift in Sources */,
				8D89C6B01E538408004FA6E3 /* HabitController.swift in Sources */,
				8D89C6BF1E53888D004FA6E3 /* CoreDataStack.swift in Sources */,
				8D56BBB61E54B1A600B662C0 /* HabitListTableViewController.swift in Sources */,
				8D89C6BD1E538831004FA6E3 /* DailyCompletion + Convience .swift in Sources */,
				8D89C6B91E5385FE004FA6E3 /* Habit-Tracker.xcdatamodeld in Sources */,
				8D56BBBC1E54B26C00B662C0 /* HabitStatsTableViewController.swift in Sources */,
			);
			runOnlyForDeploymentPostprocessing = 0;
		};
/* End PBXSourcesBuildPhase section */

/* Begin PBXVariantGroup section */
		FDAB6C2F1E53CD6900EC946B /* Main.storyboard */ = {
			isa = PBXVariantGroup;
			children = (
				FDAB6C301E53CD6900EC946B /* Base */,
			);
			name = Main.storyboard;
			sourceTree = "<group>";
		};
		FDAB6C321E53CD7A00EC946B /* LaunchScreen.storyboard */ = {
			isa = PBXVariantGroup;
			children = (
				FDAB6C331E53CD7A00EC946B /* Base */,
			);
			name = LaunchScreen.storyboard;
			sourceTree = "<group>";
		};
		FDBB28F81E53BA1E00B3687D /* StatsStoryBoard.storyboard */ = {
			isa = PBXVariantGroup;
			children = (
				FDBB28F91E53BA1E00B3687D /* Base */,
			);
			name = StatsStoryBoard.storyboard;
			path = ..;
			sourceTree = "<group>";
		};
/* End PBXVariantGroup section */

/* Begin XCBuildConfiguration section */
		8D06870A1E537C2E00FBAA55 /* Debug */ = {
			isa = XCBuildConfiguration;
			buildSettings = {
				ALWAYS_SEARCH_USER_PATHS = NO;
				CLANG_ANALYZER_NONNULL = YES;
				CLANG_CXX_LANGUAGE_STANDARD = "gnu++0x";
				CLANG_CXX_LIBRARY = "libc++";
				CLANG_ENABLE_MODULES = YES;
				CLANG_ENABLE_OBJC_ARC = YES;
				CLANG_WARN_BOOL_CONVERSION = YES;
				CLANG_WARN_CONSTANT_CONVERSION = YES;
				CLANG_WARN_DIRECT_OBJC_ISA_USAGE = YES_ERROR;
				CLANG_WARN_DOCUMENTATION_COMMENTS = YES;
				CLANG_WARN_EMPTY_BODY = YES;
				CLANG_WARN_ENUM_CONVERSION = YES;
				CLANG_WARN_INFINITE_RECURSION = YES;
				CLANG_WARN_INT_CONVERSION = YES;
				CLANG_WARN_OBJC_ROOT_CLASS = YES_ERROR;
				CLANG_WARN_SUSPICIOUS_MOVE = YES;
				CLANG_WARN_UNREACHABLE_CODE = YES;
				CLANG_WARN__DUPLICATE_METHOD_MATCH = YES;
				"CODE_SIGN_IDENTITY[sdk=iphoneos*]" = "iPhone Developer";
				COPY_PHASE_STRIP = NO;
				DEBUG_INFORMATION_FORMAT = dwarf;
				ENABLE_STRICT_OBJC_MSGSEND = YES;
				ENABLE_TESTABILITY = YES;
				GCC_C_LANGUAGE_STANDARD = gnu99;
				GCC_DYNAMIC_NO_PIC = NO;
				GCC_NO_COMMON_BLOCKS = YES;
				GCC_OPTIMIZATION_LEVEL = 0;
				GCC_PREPROCESSOR_DEFINITIONS = (
					"DEBUG=1",
					"$(inherited)",
				);
				GCC_WARN_64_TO_32_BIT_CONVERSION = YES;
				GCC_WARN_ABOUT_RETURN_TYPE = YES_ERROR;
				GCC_WARN_UNDECLARED_SELECTOR = YES;
				GCC_WARN_UNINITIALIZED_AUTOS = YES_AGGRESSIVE;
				GCC_WARN_UNUSED_FUNCTION = YES;
				GCC_WARN_UNUSED_VARIABLE = YES;
				IPHONEOS_DEPLOYMENT_TARGET = 10.2;
				MTL_ENABLE_DEBUG_INFO = YES;
				ONLY_ACTIVE_ARCH = YES;
				SDKROOT = iphoneos;
				SWIFT_ACTIVE_COMPILATION_CONDITIONS = DEBUG;
				SWIFT_OPTIMIZATION_LEVEL = "-Onone";
			};
			name = Debug;
		};
		8D06870B1E537C2E00FBAA55 /* Release */ = {
			isa = XCBuildConfiguration;
			buildSettings = {
				ALWAYS_SEARCH_USER_PATHS = NO;
				CLANG_ANALYZER_NONNULL = YES;
				CLANG_CXX_LANGUAGE_STANDARD = "gnu++0x";
				CLANG_CXX_LIBRARY = "libc++";
				CLANG_ENABLE_MODULES = YES;
				CLANG_ENABLE_OBJC_ARC = YES;
				CLANG_WARN_BOOL_CONVERSION = YES;
				CLANG_WARN_CONSTANT_CONVERSION = YES;
				CLANG_WARN_DIRECT_OBJC_ISA_USAGE = YES_ERROR;
				CLANG_WARN_DOCUMENTATION_COMMENTS = YES;
				CLANG_WARN_EMPTY_BODY = YES;
				CLANG_WARN_ENUM_CONVERSION = YES;
				CLANG_WARN_INFINITE_RECURSION = YES;
				CLANG_WARN_INT_CONVERSION = YES;
				CLANG_WARN_OBJC_ROOT_CLASS = YES_ERROR;
				CLANG_WARN_SUSPICIOUS_MOVE = YES;
				CLANG_WARN_UNREACHABLE_CODE = YES;
				CLANG_WARN__DUPLICATE_METHOD_MATCH = YES;
				"CODE_SIGN_IDENTITY[sdk=iphoneos*]" = "iPhone Developer";
				COPY_PHASE_STRIP = NO;
				DEBUG_INFORMATION_FORMAT = "dwarf-with-dsym";
				ENABLE_NS_ASSERTIONS = NO;
				ENABLE_STRICT_OBJC_MSGSEND = YES;
				GCC_C_LANGUAGE_STANDARD = gnu99;
				GCC_NO_COMMON_BLOCKS = YES;
				GCC_WARN_64_TO_32_BIT_CONVERSION = YES;
				GCC_WARN_ABOUT_RETURN_TYPE = YES_ERROR;
				GCC_WARN_UNDECLARED_SELECTOR = YES;
				GCC_WARN_UNINITIALIZED_AUTOS = YES_AGGRESSIVE;
				GCC_WARN_UNUSED_FUNCTION = YES;
				GCC_WARN_UNUSED_VARIABLE = YES;
				IPHONEOS_DEPLOYMENT_TARGET = 10.2;
				MTL_ENABLE_DEBUG_INFO = NO;
				SDKROOT = iphoneos;
				SWIFT_OPTIMIZATION_LEVEL = "-Owholemodule";
				VALIDATE_PRODUCT = YES;
			};
			name = Release;
		};
		8D06870D1E537C2E00FBAA55 /* Debug */ = {
			isa = XCBuildConfiguration;
			buildSettings = {
				ASSETCATALOG_COMPILER_APPICON_NAME = AppIcon;
				DEVELOPMENT_TEAM = XSV88KY8NF;
				INFOPLIST_FILE = "Habit Tracker/Info.plist";
				LD_RUNPATH_SEARCH_PATHS = "$(inherited) @executable_path/Frameworks";
				PRODUCT_BUNDLE_IDENTIFIER = "com.NicholasEllis.Habit-Tracker";
				PRODUCT_NAME = "$(TARGET_NAME)";
				SWIFT_VERSION = 3.0;
			};
			name = Debug;
		};
		8D06870E1E537C2E00FBAA55 /* Release */ = {
			isa = XCBuildConfiguration;
			buildSettings = {
				ASSETCATALOG_COMPILER_APPICON_NAME = AppIcon;
				DEVELOPMENT_TEAM = XSV88KY8NF;
				INFOPLIST_FILE = "Habit Tracker/Info.plist";
				LD_RUNPATH_SEARCH_PATHS = "$(inherited) @executable_path/Frameworks";
				PRODUCT_BUNDLE_IDENTIFIER = "com.NicholasEllis.Habit-Tracker";
				PRODUCT_NAME = "$(TARGET_NAME)";
				SWIFT_VERSION = 3.0;
			};
			name = Release;
		};
/* End XCBuildConfiguration section */

/* Begin XCConfigurationList section */
		8D0686F51E537C2E00FBAA55 /* Build configuration list for PBXProject "Habit Tracker" */ = {
			isa = XCConfigurationList;
			buildConfigurations = (
				8D06870A1E537C2E00FBAA55 /* Debug */,
				8D06870B1E537C2E00FBAA55 /* Release */,
			);
			defaultConfigurationIsVisible = 0;
			defaultConfigurationName = Release;
		};
		8D06870C1E537C2E00FBAA55 /* Build configuration list for PBXNativeTarget "Habit Tracker" */ = {
			isa = XCConfigurationList;
			buildConfigurations = (
				8D06870D1E537C2E00FBAA55 /* Debug */,
				8D06870E1E537C2E00FBAA55 /* Release */,
			);
			defaultConfigurationIsVisible = 0;
			defaultConfigurationName = Release;
		};
/* End XCConfigurationList section */

/* Begin XCVersionGroup section */
		8D89C6B71E5385FE004FA6E3 /* Habit-Tracker.xcdatamodeld */ = {
			isa = XCVersionGroup;
			children = (
				8D89C6B81E5385FE004FA6E3 /* Habit-Tracker.xcdatamodel */,
			);
			currentVersion = 8D89C6B81E5385FE004FA6E3 /* Habit-Tracker.xcdatamodel */;
			path = "Habit-Tracker.xcdatamodeld";
			sourceTree = "<group>";
			versionGroupType = wrapper.xcdatamodel;
		};
/* End XCVersionGroup section */
	};
	rootObject = 8D0686F21E537C2E00FBAA55 /* Project object */;
}
